// !$*UTF8*$!
{
	archiveVersion = 1;
	classes = {
	};
	objectVersion = 52;
	objects = {

/* Begin PBXBuildFile section */
		1C203356A36777B9F3036BF5 /* Pods_GymTren.framework in Frameworks */ = {isa = PBXBuildFile; fileRef = DFE0851C87E1BCA271448DE2 /* Pods_GymTren.framework */; };
		97B2BAB8EDF224E2BDEBBA5B /* Pods_GymTren_GymTrenUITests.framework in Frameworks */ = {isa = PBXBuildFile; fileRef = 3E327060E7032549B7EA5BD9 /* Pods_GymTren_GymTrenUITests.framework */; };
		99823548CDFF9A56BAF500DA /* Pods_GymTrenTests.framework in Frameworks */ = {isa = PBXBuildFile; fileRef = 7B2BE3586F3D0C8AB248058C /* Pods_GymTrenTests.framework */; };
		C382967225E7BFB500520A3A /* AppDelegate.swift in Sources */ = {isa = PBXBuildFile; fileRef = C382967125E7BFB500520A3A /* AppDelegate.swift */; };
		C382967425E7BFB500520A3A /* SceneDelegate.swift in Sources */ = {isa = PBXBuildFile; fileRef = C382967325E7BFB500520A3A /* SceneDelegate.swift */; };
		C382967625E7BFB500520A3A /* ContentView.swift in Sources */ = {isa = PBXBuildFile; fileRef = C382967525E7BFB500520A3A /* ContentView.swift */; };
		C382967825E7BFB800520A3A /* Assets.xcassets in Resources */ = {isa = PBXBuildFile; fileRef = C382967725E7BFB800520A3A /* Assets.xcassets */; };
		C382967B25E7BFB800520A3A /* Preview Assets.xcassets in Resources */ = {isa = PBXBuildFile; fileRef = C382967A25E7BFB800520A3A /* Preview Assets.xcassets */; };
		C382967E25E7BFB800520A3A /* LaunchScreen.storyboard in Resources */ = {isa = PBXBuildFile; fileRef = C382967C25E7BFB800520A3A /* LaunchScreen.storyboard */; };
		C382968925E7BFB800520A3A /* GymTrenTests.swift in Sources */ = {isa = PBXBuildFile; fileRef = C382968825E7BFB800520A3A /* GymTrenTests.swift */; };
		C382969425E7BFB900520A3A /* GymTrenUITests.swift in Sources */ = {isa = PBXBuildFile; fileRef = C382969325E7BFB900520A3A /* GymTrenUITests.swift */; };
		C38296A825E7C2CD00520A3A /* Swift2.swift in Sources */ = {isa = PBXBuildFile; fileRef = C38296A725E7C2CD00520A3A /* Swift2.swift */; };
		C38296AD25E7C30D00520A3A /* Hellow.swift in Sources */ = {isa = PBXBuildFile; fileRef = C38296AC25E7C30D00520A3A /* Hellow.swift */; };
		C38296B225E7C39B00520A3A /* ND Astroneer.ttf in Resources */ = {isa = PBXBuildFile; fileRef = C38296B125E7C39B00520A3A /* ND Astroneer.ttf */; };
		C38296BA25E7C4C500520A3A /* Hellow2.swift in Sources */ = {isa = PBXBuildFile; fileRef = C38296B925E7C4C500520A3A /* Hellow2.swift */; };
		C38296BF25E7C4CA00520A3A /* Hellow3.swift in Sources */ = {isa = PBXBuildFile; fileRef = C38296BE25E7C4CA00520A3A /* Hellow3.swift */; };
		C38296C425E7C4D200520A3A /* ellow.swift in Sources */ = {isa = PBXBuildFile; fileRef = C38296C325E7C4D200520A3A /* ellow.swift */; };
		C38296C925E7C4E300520A3A /* Hellow5.swift in Sources */ = {isa = PBXBuildFile; fileRef = C38296C825E7C4E300520A3A /* Hellow5.swift */; };
		C38296DB25E7CE2200520A3A /* LogIn.swift in Sources */ = {isa = PBXBuildFile; fileRef = C38296DA25E7CE2200520A3A /* LogIn.swift */; };
		C38296E025E7D16F00520A3A /* Hellow3-2.swift in Sources */ = {isa = PBXBuildFile; fileRef = C38296DF25E7D16F00520A3A /* Hellow3-2.swift */; };
		C38296E825E7DCA300520A3A /* SignUp.swift in Sources */ = {isa = PBXBuildFile; fileRef = C38296E725E7DCA300520A3A /* SignUp.swift */; };
		C38296ED25E7DCAA00520A3A /* Model.swift in Sources */ = {isa = PBXBuildFile; fileRef = C38296EC25E7DCAA00520A3A /* Model.swift */; };
		C38296F225E7DCB200520A3A /* ViewModel.swift in Sources */ = {isa = PBXBuildFile; fileRef = C38296F125E7DCB200520A3A /* ViewModel.swift */; };
		C38296F825E7DD5200520A3A /* SwiftyJSON in Frameworks */ = {isa = PBXBuildFile; productRef = C38296F725E7DD5200520A3A /* SwiftyJSON */; };
		C38296FD25E7E28B00520A3A /* SwiftUIView.swift in Sources */ = {isa = PBXBuildFile; fileRef = C38296FC25E7E28B00520A3A /* SwiftUIView.swift */; };
/* End PBXBuildFile section */

/* Begin PBXContainerItemProxy section */
		C382968525E7BFB800520A3A /* PBXContainerItemProxy */ = {
			isa = PBXContainerItemProxy;
			containerPortal = C382966625E7BFB500520A3A /* Project object */;
			proxyType = 1;
			remoteGlobalIDString = C382966D25E7BFB500520A3A;
			remoteInfo = GymTren;
		};
		C382969025E7BFB900520A3A /* PBXContainerItemProxy */ = {
			isa = PBXContainerItemProxy;
			containerPortal = C382966625E7BFB500520A3A /* Project object */;
			proxyType = 1;
			remoteGlobalIDString = C382966D25E7BFB500520A3A;
			remoteInfo = GymTren;
		};
/* End PBXContainerItemProxy section */

/* Begin PBXFileReference section */
		2BB3856E754343FD210B6ADE /* Pods-GymTren-GymTrenUITests.release.xcconfig */ = {isa = PBXFileReference; includeInIndex = 1; lastKnownFileType = text.xcconfig; name = "Pods-GymTren-GymTrenUITests.release.xcconfig"; path = "Target Support Files/Pods-GymTren-GymTrenUITests/Pods-GymTren-GymTrenUITests.release.xcconfig"; sourceTree = "<group>"; };
		3E327060E7032549B7EA5BD9 /* Pods_GymTren_GymTrenUITests.framework */ = {isa = PBXFileReference; explicitFileType = wrapper.framework; includeInIndex = 0; path = Pods_GymTren_GymTrenUITests.framework; sourceTree = BUILT_PRODUCTS_DIR; };
		5C6D7FBAAF26D8E5855819C0 /* Pods-GymTrenTests.release.xcconfig */ = {isa = PBXFileReference; includeInIndex = 1; lastKnownFileType = text.xcconfig; name = "Pods-GymTrenTests.release.xcconfig"; path = "Target Support Files/Pods-GymTrenTests/Pods-GymTrenTests.release.xcconfig"; sourceTree = "<group>"; };
		775AF2BC4C3DA48906F0D8E2 /* Pods-GymTren-GymTrenUITests.debug.xcconfig */ = {isa = PBXFileReference; includeInIndex = 1; lastKnownFileType = text.xcconfig; name = "Pods-GymTren-GymTrenUITests.debug.xcconfig"; path = "Target Support Files/Pods-GymTren-GymTrenUITests/Pods-GymTren-GymTrenUITests.debug.xcconfig"; sourceTree = "<group>"; };
		7B2BE3586F3D0C8AB248058C /* Pods_GymTrenTests.framework */ = {isa = PBXFileReference; explicitFileType = wrapper.framework; includeInIndex = 0; path = Pods_GymTrenTests.framework; sourceTree = BUILT_PRODUCTS_DIR; };
		7B60E7F08ED0F96A8D871368 /* Pods-GymTren.debug.xcconfig */ = {isa = PBXFileReference; includeInIndex = 1; lastKnownFileType = text.xcconfig; name = "Pods-GymTren.debug.xcconfig"; path = "Target Support Files/Pods-GymTren/Pods-GymTren.debug.xcconfig"; sourceTree = "<group>"; };
		C382966E25E7BFB500520A3A /* GymTren.app */ = {isa = PBXFileReference; explicitFileType = wrapper.application; includeInIndex = 0; path = GymTren.app; sourceTree = BUILT_PRODUCTS_DIR; };
		C382967125E7BFB500520A3A /* AppDelegate.swift */ = {isa = PBXFileReference; lastKnownFileType = sourcecode.swift; path = AppDelegate.swift; sourceTree = "<group>"; };
		C382967325E7BFB500520A3A /* SceneDelegate.swift */ = {isa = PBXFileReference; lastKnownFileType = sourcecode.swift; path = SceneDelegate.swift; sourceTree = "<group>"; };
		C382967525E7BFB500520A3A /* ContentView.swift */ = {isa = PBXFileReference; lastKnownFileType = sourcecode.swift; path = ContentView.swift; sourceTree = "<group>"; };
		C382967725E7BFB800520A3A /* Assets.xcassets */ = {isa = PBXFileReference; lastKnownFileType = folder.assetcatalog; path = Assets.xcassets; sourceTree = "<group>"; };
		C382967A25E7BFB800520A3A /* Preview Assets.xcassets */ = {isa = PBXFileReference; lastKnownFileType = folder.assetcatalog; path = "Preview Assets.xcassets"; sourceTree = "<group>"; };
		C382967D25E7BFB800520A3A /* Base */ = {isa = PBXFileReference; lastKnownFileType = file.storyboard; name = Base; path = Base.lproj/LaunchScreen.storyboard; sourceTree = "<group>"; };
		C382967F25E7BFB800520A3A /* Info.plist */ = {isa = PBXFileReference; lastKnownFileType = text.plist.xml; path = Info.plist; sourceTree = "<group>"; };
		C382968425E7BFB800520A3A /* GymTrenTests.xctest */ = {isa = PBXFileReference; explicitFileType = wrapper.cfbundle; includeInIndex = 0; path = GymTrenTests.xctest; sourceTree = BUILT_PRODUCTS_DIR; };
		C382968825E7BFB800520A3A /* GymTrenTests.swift */ = {isa = PBXFileReference; lastKnownFileType = sourcecode.swift; path = GymTrenTests.swift; sourceTree = "<group>"; };
		C382968A25E7BFB800520A3A /* Info.plist */ = {isa = PBXFileReference; lastKnownFileType = text.plist.xml; path = Info.plist; sourceTree = "<group>"; };
		C382968F25E7BFB900520A3A /* GymTrenUITests.xctest */ = {isa = PBXFileReference; explicitFileType = wrapper.cfbundle; includeInIndex = 0; path = GymTrenUITests.xctest; sourceTree = BUILT_PRODUCTS_DIR; };
		C382969325E7BFB900520A3A /* GymTrenUITests.swift */ = {isa = PBXFileReference; lastKnownFileType = sourcecode.swift; path = GymTrenUITests.swift; sourceTree = "<group>"; };
		C382969525E7BFB900520A3A /* Info.plist */ = {isa = PBXFileReference; lastKnownFileType = text.plist.xml; path = Info.plist; sourceTree = "<group>"; };
		C38296A725E7C2CD00520A3A /* Swift2.swift */ = {isa = PBXFileReference; lastKnownFileType = sourcecode.swift; path = Swift2.swift; sourceTree = "<group>"; };
		C38296AC25E7C30D00520A3A /* Hellow.swift */ = {isa = PBXFileReference; lastKnownFileType = sourcecode.swift; path = Hellow.swift; sourceTree = "<group>"; };
		C38296B125E7C39B00520A3A /* ND Astroneer.ttf */ = {isa = PBXFileReference; lastKnownFileType = file; path = "ND Astroneer.ttf"; sourceTree = "<group>"; };
		C38296B925E7C4C500520A3A /* Hellow2.swift */ = {isa = PBXFileReference; lastKnownFileType = sourcecode.swift; path = Hellow2.swift; sourceTree = "<group>"; };
		C38296BE25E7C4CA00520A3A /* Hellow3.swift */ = {isa = PBXFileReference; lastKnownFileType = sourcecode.swift; path = Hellow3.swift; sourceTree = "<group>"; };
		C38296C325E7C4D200520A3A /* ellow.swift */ = {isa = PBXFileReference; lastKnownFileType = sourcecode.swift; path = ellow.swift; sourceTree = "<group>"; };
		C38296C825E7C4E300520A3A /* Hellow5.swift */ = {isa = PBXFileReference; lastKnownFileType = sourcecode.swift; path = Hellow5.swift; sourceTree = "<group>"; };
		C38296DA25E7CE2200520A3A /* LogIn.swift */ = {isa = PBXFileReference; lastKnownFileType = sourcecode.swift; path = LogIn.swift; sourceTree = "<group>"; };
		C38296DF25E7D16F00520A3A /* Hellow3-2.swift */ = {isa = PBXFileReference; lastKnownFileType = sourcecode.swift; path = "Hellow3-2.swift"; sourceTree = "<group>"; };
		C38296E725E7DCA300520A3A /* SignUp.swift */ = {isa = PBXFileReference; lastKnownFileType = sourcecode.swift; path = SignUp.swift; sourceTree = "<group>"; };
		C38296EC25E7DCAA00520A3A /* Model.swift */ = {isa = PBXFileReference; lastKnownFileType = sourcecode.swift; path = Model.swift; sourceTree = "<group>"; };
		C38296F125E7DCB200520A3A /* ViewModel.swift */ = {isa = PBXFileReference; lastKnownFileType = sourcecode.swift; path = ViewModel.swift; sourceTree = "<group>"; };
		C38296FC25E7E28B00520A3A /* SwiftUIView.swift */ = {isa = PBXFileReference; lastKnownFileType = sourcecode.swift; path = SwiftUIView.swift; sourceTree = "<group>"; };
		C424A1E3E80B7B8373684EA0 /* Pods-GymTren.release.xcconfig */ = {isa = PBXFileReference; includeInIndex = 1; lastKnownFileType = text.xcconfig; name = "Pods-GymTren.release.xcconfig"; path = "Target Support Files/Pods-GymTren/Pods-GymTren.release.xcconfig"; sourceTree = "<group>"; };
		DFE0851C87E1BCA271448DE2 /* Pods_GymTren.framework */ = {isa = PBXFileReference; explicitFileType = wrapper.framework; includeInIndex = 0; path = Pods_GymTren.framework; sourceTree = BUILT_PRODUCTS_DIR; };
		F16EB6B52738A470098FFC5B /* Pods-GymTrenTests.debug.xcconfig */ = {isa = PBXFileReference; includeInIndex = 1; lastKnownFileType = text.xcconfig; name = "Pods-GymTrenTests.debug.xcconfig"; path = "Target Support Files/Pods-GymTrenTests/Pods-GymTrenTests.debug.xcconfig"; sourceTree = "<group>"; };
/* End PBXFileReference section */

/* Begin PBXFrameworksBuildPhase section */
		C382966B25E7BFB500520A3A /* Frameworks */ = {
			isa = PBXFrameworksBuildPhase;
			buildActionMask = 2147483647;
			files = (
				C38296F825E7DD5200520A3A /* SwiftyJSON in Frameworks */,
				1C203356A36777B9F3036BF5 /* Pods_GymTren.framework in Frameworks */,
			);
			runOnlyForDeploymentPostprocessing = 0;
		};
		C382968125E7BFB800520A3A /* Frameworks */ = {
			isa = PBXFrameworksBuildPhase;
			buildActionMask = 2147483647;
			files = (
				99823548CDFF9A56BAF500DA /* Pods_GymTrenTests.framework in Frameworks */,
			);
			runOnlyForDeploymentPostprocessing = 0;
		};
		C382968C25E7BFB900520A3A /* Frameworks */ = {
			isa = PBXFrameworksBuildPhase;
			buildActionMask = 2147483647;
			files = (
				97B2BAB8EDF224E2BDEBBA5B /* Pods_GymTren_GymTrenUITests.framework in Frameworks */,
			);
			runOnlyForDeploymentPostprocessing = 0;
		};
/* End PBXFrameworksBuildPhase section */

/* Begin PBXGroup section */
		670D4EE5DBA7F2F7E6BBF168 /* Pods */ = {
			isa = PBXGroup;
			children = (
				7B60E7F08ED0F96A8D871368 /* Pods-GymTren.debug.xcconfig */,
				C424A1E3E80B7B8373684EA0 /* Pods-GymTren.release.xcconfig */,
				775AF2BC4C3DA48906F0D8E2 /* Pods-GymTren-GymTrenUITests.debug.xcconfig */,
				2BB3856E754343FD210B6ADE /* Pods-GymTren-GymTrenUITests.release.xcconfig */,
				F16EB6B52738A470098FFC5B /* Pods-GymTrenTests.debug.xcconfig */,
				5C6D7FBAAF26D8E5855819C0 /* Pods-GymTrenTests.release.xcconfig */,
			);
			path = Pods;
			sourceTree = "<group>";
		};
		C382966525E7BFB500520A3A = {
			isa = PBXGroup;
			children = (
				C38296B125E7C39B00520A3A /* ND Astroneer.ttf */,
				C382967025E7BFB500520A3A /* GymTren */,
				C382968725E7BFB800520A3A /* GymTrenTests */,
				C382969225E7BFB900520A3A /* GymTrenUITests */,
				C382966F25E7BFB500520A3A /* Products */,
				670D4EE5DBA7F2F7E6BBF168 /* Pods */,
				F4BBA559B26AAE417FB4168B /* Frameworks */,
			);
			sourceTree = "<group>";
		};
		C382966F25E7BFB500520A3A /* Products */ = {
			isa = PBXGroup;
			children = (
				C382966E25E7BFB500520A3A /* GymTren.app */,
				C382968425E7BFB800520A3A /* GymTrenTests.xctest */,
				C382968F25E7BFB900520A3A /* GymTrenUITests.xctest */,
			);
			name = Products;
			sourceTree = "<group>";
		};
		C382967025E7BFB500520A3A /* GymTren */ = {
			isa = PBXGroup;
			children = (
				C382967125E7BFB500520A3A /* AppDelegate.swift */,
				C382967325E7BFB500520A3A /* SceneDelegate.swift */,
				C382967525E7BFB500520A3A /* ContentView.swift */,
				C38296A725E7C2CD00520A3A /* Swift2.swift */,
				C38296EC25E7DCAA00520A3A /* Model.swift */,
				C38296F125E7DCB200520A3A /* ViewModel.swift */,
				C38296AC25E7C30D00520A3A /* Hellow.swift */,
				C38296B925E7C4C500520A3A /* Hellow2.swift */,
				C38296BE25E7C4CA00520A3A /* Hellow3.swift */,
				C38296DF25E7D16F00520A3A /* Hellow3-2.swift */,
				C38296C325E7C4D200520A3A /* ellow.swift */,
				C38296C825E7C4E300520A3A /* Hellow5.swift */,
				C38296DA25E7CE2200520A3A /* LogIn.swift */,
				C38296E725E7DCA300520A3A /* SignUp.swift */,
				C38296FC25E7E28B00520A3A /* SwiftUIView.swift */,
				C382967725E7BFB800520A3A /* Assets.xcassets */,
				C382967C25E7BFB800520A3A /* LaunchScreen.storyboard */,
				C382967F25E7BFB800520A3A /* Info.plist */,
				C382967925E7BFB800520A3A /* Preview Content */,
			);
			path = GymTren;
			sourceTree = "<group>";
		};
		C382967925E7BFB800520A3A /* Preview Content */ = {
			isa = PBXGroup;
			children = (
				C382967A25E7BFB800520A3A /* Preview Assets.xcassets */,
			);
			path = "Preview Content";
			sourceTree = "<group>";
		};
		C382968725E7BFB800520A3A /* GymTrenTests */ = {
			isa = PBXGroup;
			children = (
				C382968825E7BFB800520A3A /* GymTrenTests.swift */,
				C382968A25E7BFB800520A3A /* Info.plist */,
			);
			path = GymTrenTests;
			sourceTree = "<group>";
		};
		C382969225E7BFB900520A3A /* GymTrenUITests */ = {
			isa = PBXGroup;
			children = (
				C382969325E7BFB900520A3A /* GymTrenUITests.swift */,
				C382969525E7BFB900520A3A /* Info.plist */,
			);
			path = GymTrenUITests;
			sourceTree = "<group>";
		};
		F4BBA559B26AAE417FB4168B /* Frameworks */ = {
			isa = PBXGroup;
			children = (
				DFE0851C87E1BCA271448DE2 /* Pods_GymTren.framework */,
				3E327060E7032549B7EA5BD9 /* Pods_GymTren_GymTrenUITests.framework */,
				7B2BE3586F3D0C8AB248058C /* Pods_GymTrenTests.framework */,
			);
			name = Frameworks;
			sourceTree = "<group>";
		};
/* End PBXGroup section */

/* Begin PBXNativeTarget section */
		C382966D25E7BFB500520A3A /* GymTren */ = {
			isa = PBXNativeTarget;
			buildConfigurationList = C382969825E7BFB900520A3A /* Build configuration list for PBXNativeTarget "GymTren" */;
			buildPhases = (
				0936564C210F7F309B197E37 /* [CP] Check Pods Manifest.lock */,
				C382966A25E7BFB500520A3A /* Sources */,
				C382966B25E7BFB500520A3A /* Frameworks */,
				C382966C25E7BFB500520A3A /* Resources */,
				E391A81846B35B174EF9EBAC /* [CP] Embed Pods Frameworks */,
			);
			buildRules = (
			);
			dependencies = (
			);
			name = GymTren;
			packageProductDependencies = (
				C38296F725E7DD5200520A3A /* SwiftyJSON */,
			);
			productName = GymTren;
			productReference = C382966E25E7BFB500520A3A /* GymTren.app */;
			productType = "com.apple.product-type.application";
		};
		C382968325E7BFB800520A3A /* GymTrenTests */ = {
			isa = PBXNativeTarget;
			buildConfigurationList = C382969B25E7BFB900520A3A /* Build configuration list for PBXNativeTarget "GymTrenTests" */;
			buildPhases = (
				C138E1741FF94026A51600B6 /* [CP] Check Pods Manifest.lock */,
				C382968025E7BFB800520A3A /* Sources */,
				C382968125E7BFB800520A3A /* Frameworks */,
				C382968225E7BFB800520A3A /* Resources */,
			);
			buildRules = (
			);
			dependencies = (
				C382968625E7BFB800520A3A /* PBXTargetDependency */,
			);
			name = GymTrenTests;
			productName = GymTrenTests;
			productReference = C382968425E7BFB800520A3A /* GymTrenTests.xctest */;
			productType = "com.apple.product-type.bundle.unit-test";
		};
		C382968E25E7BFB900520A3A /* GymTrenUITests */ = {
			isa = PBXNativeTarget;
			buildConfigurationList = C382969E25E7BFB900520A3A /* Build configuration list for PBXNativeTarget "GymTrenUITests" */;
			buildPhases = (
				3E7D8BD082A0FFD7B10DA071 /* [CP] Check Pods Manifest.lock */,
				C382968B25E7BFB900520A3A /* Sources */,
				C382968C25E7BFB900520A3A /* Frameworks */,
				C382968D25E7BFB900520A3A /* Resources */,
				347EBE665168A91B1E4D12AA /* [CP] Embed Pods Frameworks */,
			);
			buildRules = (
			);
			dependencies = (
				C382969125E7BFB900520A3A /* PBXTargetDependency */,
			);
			name = GymTrenUITests;
			productName = GymTrenUITests;
			productReference = C382968F25E7BFB900520A3A /* GymTrenUITests.xctest */;
			productType = "com.apple.product-type.bundle.ui-testing";
		};
/* End PBXNativeTarget section */

/* Begin PBXProject section */
		C382966625E7BFB500520A3A /* Project object */ = {
			isa = PBXProject;
			attributes = {
				LastSwiftUpdateCheck = 1240;
				LastUpgradeCheck = 1240;
				TargetAttributes = {
					C382966D25E7BFB500520A3A = {
						CreatedOnToolsVersion = 12.4;
					};
					C382968325E7BFB800520A3A = {
						CreatedOnToolsVersion = 12.4;
						TestTargetID = C382966D25E7BFB500520A3A;
					};
					C382968E25E7BFB900520A3A = {
						CreatedOnToolsVersion = 12.4;
						TestTargetID = C382966D25E7BFB500520A3A;
					};
				};
			};
			buildConfigurationList = C382966925E7BFB500520A3A /* Build configuration list for PBXProject "GymTren" */;
			compatibilityVersion = "Xcode 9.3";
			developmentRegion = en;
			hasScannedForEncodings = 0;
			knownRegions = (
				en,
				Base,
			);
			mainGroup = C382966525E7BFB500520A3A;
			packageReferences = (
				C38296F625E7DD5200520A3A /* XCRemoteSwiftPackageReference "SwiftyJSON" */,
			);
			productRefGroup = C382966F25E7BFB500520A3A /* Products */;
			projectDirPath = "";
			projectRoot = "";
			targets = (
				C382966D25E7BFB500520A3A /* GymTren */,
				C382968325E7BFB800520A3A /* GymTrenTests */,
				C382968E25E7BFB900520A3A /* GymTrenUITests */,
			);
		};
/* End PBXProject section */

/* Begin PBXResourcesBuildPhase section */
		C382966C25E7BFB500520A3A /* Resources */ = {
			isa = PBXResourcesBuildPhase;
			buildActionMask = 2147483647;
			files = (
				C382967E25E7BFB800520A3A /* LaunchScreen.storyboard in Resources */,
				C38296B225E7C39B00520A3A /* ND Astroneer.ttf in Resources */,
				C382967B25E7BFB800520A3A /* Preview Assets.xcassets in Resources */,
				C382967825E7BFB800520A3A /* Assets.xcassets in Resources */,
			);
			runOnlyForDeploymentPostprocessing = 0;
		};
		C382968225E7BFB800520A3A /* Resources */ = {
			isa = PBXResourcesBuildPhase;
			buildActionMask = 2147483647;
			files = (
			);
			runOnlyForDeploymentPostprocessing = 0;
		};
		C382968D25E7BFB900520A3A /* Resources */ = {
			isa = PBXResourcesBuildPhase;
			buildActionMask = 2147483647;
			files = (
			);
			runOnlyForDeploymentPostprocessing = 0;
		};
/* End PBXResourcesBuildPhase section */

/* Begin PBXShellScriptBuildPhase section */
		0936564C210F7F309B197E37 /* [CP] Check Pods Manifest.lock */ = {
			isa = PBXShellScriptBuildPhase;
			buildActionMask = 2147483647;
			files = (
			);
			inputFileListPaths = (
			);
			inputPaths = (
				"${PODS_PODFILE_DIR_PATH}/Podfile.lock",
				"${PODS_ROOT}/Manifest.lock",
			);
			name = "[CP] Check Pods Manifest.lock";
			outputFileListPaths = (
			);
			outputPaths = (
				"$(DERIVED_FILE_DIR)/Pods-GymTren-checkManifestLockResult.txt",
			);
			runOnlyForDeploymentPostprocessing = 0;
			shellPath = /bin/sh;
			shellScript = "diff \"${PODS_PODFILE_DIR_PATH}/Podfile.lock\" \"${PODS_ROOT}/Manifest.lock\" > /dev/null\nif [ $? != 0 ] ; then\n    # print error to STDERR\n    echo \"error: The sandbox is not in sync with the Podfile.lock. Run 'pod install' or update your CocoaPods installation.\" >&2\n    exit 1\nfi\n# This output is used by Xcode 'outputs' to avoid re-running this script phase.\necho \"SUCCESS\" > \"${SCRIPT_OUTPUT_FILE_0}\"\n";
			showEnvVarsInLog = 0;
		};
		347EBE665168A91B1E4D12AA /* [CP] Embed Pods Frameworks */ = {
			isa = PBXShellScriptBuildPhase;
			buildActionMask = 2147483647;
			files = (
			);
			inputFileListPaths = (
				"${PODS_ROOT}/Target Support Files/Pods-GymTren-GymTrenUITests/Pods-GymTren-GymTrenUITests-frameworks-${CONFIGURATION}-input-files.xcfilelist",
			);
			name = "[CP] Embed Pods Frameworks";
			outputFileListPaths = (
				"${PODS_ROOT}/Target Support Files/Pods-GymTren-GymTrenUITests/Pods-GymTren-GymTrenUITests-frameworks-${CONFIGURATION}-output-files.xcfilelist",
			);
			runOnlyForDeploymentPostprocessing = 0;
			shellPath = /bin/sh;
			shellScript = "\"${PODS_ROOT}/Target Support Files/Pods-GymTren-GymTrenUITests/Pods-GymTren-GymTrenUITests-frameworks.sh\"\n";
			showEnvVarsInLog = 0;
		};
		3E7D8BD082A0FFD7B10DA071 /* [CP] Check Pods Manifest.lock */ = {
			isa = PBXShellScriptBuildPhase;
			buildActionMask = 2147483647;
			files = (
			);
			inputFileListPaths = (
			);
			inputPaths = (
				"${PODS_PODFILE_DIR_PATH}/Podfile.lock",
				"${PODS_ROOT}/Manifest.lock",
			);
			name = "[CP] Check Pods Manifest.lock";
			outputFileListPaths = (
			);
			outputPaths = (
				"$(DERIVED_FILE_DIR)/Pods-GymTren-GymTrenUITests-checkManifestLockResult.txt",
			);
			runOnlyForDeploymentPostprocessing = 0;
			shellPath = /bin/sh;
			shellScript = "diff \"${PODS_PODFILE_DIR_PATH}/Podfile.lock\" \"${PODS_ROOT}/Manifest.lock\" > /dev/null\nif [ $? != 0 ] ; then\n    # print error to STDERR\n    echo \"error: The sandbox is not in sync with the Podfile.lock. Run 'pod install' or update your CocoaPods installation.\" >&2\n    exit 1\nfi\n# This output is used by Xcode 'outputs' to avoid re-running this script phase.\necho \"SUCCESS\" > \"${SCRIPT_OUTPUT_FILE_0}\"\n";
			showEnvVarsInLog = 0;
		};
		C138E1741FF94026A51600B6 /* [CP] Check Pods Manifest.lock */ = {
			isa = PBXShellScriptBuildPhase;
			buildActionMask = 2147483647;
			files = (
			);
			inputFileListPaths = (
			);
			inputPaths = (
				"${PODS_PODFILE_DIR_PATH}/Podfile.lock",
				"${PODS_ROOT}/Manifest.lock",
			);
			name = "[CP] Check Pods Manifest.lock";
			outputFileListPaths = (
			);
			outputPaths = (
				"$(DERIVED_FILE_DIR)/Pods-GymTrenTests-checkManifestLockResult.txt",
			);
			runOnlyForDeploymentPostprocessing = 0;
			shellPath = /bin/sh;
			shellScript = "diff \"${PODS_PODFILE_DIR_PATH}/Podfile.lock\" \"${PODS_ROOT}/Manifest.lock\" > /dev/null\nif [ $? != 0 ] ; then\n    # print error to STDERR\n    echo \"error: The sandbox is not in sync with the Podfile.lock. Run 'pod install' or update your CocoaPods installation.\" >&2\n    exit 1\nfi\n# This output is used by Xcode 'outputs' to avoid re-running this script phase.\necho \"SUCCESS\" > \"${SCRIPT_OUTPUT_FILE_0}\"\n";
			showEnvVarsInLog = 0;
		};
		E391A81846B35B174EF9EBAC /* [CP] Embed Pods Frameworks */ = {
			isa = PBXShellScriptBuildPhase;
			buildActionMask = 2147483647;
			files = (
			);
			inputFileListPaths = (
				"${PODS_ROOT}/Target Support Files/Pods-GymTren/Pods-GymTren-frameworks-${CONFIGURATION}-input-files.xcfilelist",
			);
			name = "[CP] Embed Pods Frameworks";
			outputFileListPaths = (
				"${PODS_ROOT}/Target Support Files/Pods-GymTren/Pods-GymTren-frameworks-${CONFIGURATION}-output-files.xcfilelist",
			);
			runOnlyForDeploymentPostprocessing = 0;
			shellPath = /bin/sh;
			shellScript = "\"${PODS_ROOT}/Target Support Files/Pods-GymTren/Pods-GymTren-frameworks.sh\"\n";
			showEnvVarsInLog = 0;
		};
/* End PBXShellScriptBuildPhase section */

/* Begin PBXSourcesBuildPhase section */
		C382966A25E7BFB500520A3A /* Sources */ = {
			isa = PBXSourcesBuildPhase;
			buildActionMask = 2147483647;
			files = (
				C382967225E7BFB500520A3A /* AppDelegate.swift in Sources */,
				C38296E825E7DCA300520A3A /* SignUp.swift in Sources */,
				C38296C425E7C4D200520A3A /* ellow.swift in Sources */,
				C382967425E7BFB500520A3A /* SceneDelegate.swift in Sources */,
				C38296C925E7C4E300520A3A /* Hellow5.swift in Sources */,
				C38296E025E7D16F00520A3A /* Hellow3-2.swift in Sources */,
				C38296F225E7DCB200520A3A /* ViewModel.swift in Sources */,
				C38296ED25E7DCAA00520A3A /* Model.swift in Sources */,
				C38296A825E7C2CD00520A3A /* Swift2.swift in Sources */,
				C38296DB25E7CE2200520A3A /* LogIn.swift in Sources */,
				C38296BF25E7C4CA00520A3A /* Hellow3.swift in Sources */,
				C38296BA25E7C4C500520A3A /* Hellow2.swift in Sources */,
				C382967625E7BFB500520A3A /* ContentView.swift in Sources */,
				C38296AD25E7C30D00520A3A /* Hellow.swift in Sources */,
				C38296FD25E7E28B00520A3A /* SwiftUIView.swift in Sources */,
			);
			runOnlyForDeploymentPostprocessing = 0;
		};
		C382968025E7BFB800520A3A /* Sources */ = {
			isa = PBXSourcesBuildPhase;
			buildActionMask = 2147483647;
			files = (
				C382968925E7BFB800520A3A /* GymTrenTests.swift in Sources */,
			);
			runOnlyForDeploymentPostprocessing = 0;
		};
		C382968B25E7BFB900520A3A /* Sources */ = {
			isa = PBXSourcesBuildPhase;
			buildActionMask = 2147483647;
			files = (
				C382969425E7BFB900520A3A /* GymTrenUITests.swift in Sources */,
			);
			runOnlyForDeploymentPostprocessing = 0;
		};
/* End PBXSourcesBuildPhase section */

/* Begin PBXTargetDependency section */
		C382968625E7BFB800520A3A /* PBXTargetDependency */ = {
			isa = PBXTargetDependency;
			target = C382966D25E7BFB500520A3A /* GymTren */;
			targetProxy = C382968525E7BFB800520A3A /* PBXContainerItemProxy */;
		};
		C382969125E7BFB900520A3A /* PBXTargetDependency */ = {
			isa = PBXTargetDependency;
			target = C382966D25E7BFB500520A3A /* GymTren */;
			targetProxy = C382969025E7BFB900520A3A /* PBXContainerItemProxy */;
		};
/* End PBXTargetDependency section */

/* Begin PBXVariantGroup section */
		C382967C25E7BFB800520A3A /* LaunchScreen.storyboard */ = {
			isa = PBXVariantGroup;
			children = (
				C382967D25E7BFB800520A3A /* Base */,
			);
			name = LaunchScreen.storyboard;
			sourceTree = "<group>";
		};
/* End PBXVariantGroup section */

/* Begin XCBuildConfiguration section */
		C382969625E7BFB900520A3A /* Debug */ = {
			isa = XCBuildConfiguration;
			buildSettings = {
				ALWAYS_SEARCH_USER_PATHS = NO;
				CLANG_ANALYZER_NONNULL = YES;
				CLANG_ANALYZER_NUMBER_OBJECT_CONVERSION = YES_AGGRESSIVE;
				CLANG_CXX_LANGUAGE_STANDARD = "gnu++14";
				CLANG_CXX_LIBRARY = "libc++";
				CLANG_ENABLE_MODULES = YES;
				CLANG_ENABLE_OBJC_ARC = YES;
				CLANG_ENABLE_OBJC_WEAK = YES;
				CLANG_WARN_BLOCK_CAPTURE_AUTORELEASING = YES;
				CLANG_WARN_BOOL_CONVERSION = YES;
				CLANG_WARN_COMMA = YES;
				CLANG_WARN_CONSTANT_CONVERSION = YES;
				CLANG_WARN_DEPRECATED_OBJC_IMPLEMENTATIONS = YES;
				CLANG_WARN_DIRECT_OBJC_ISA_USAGE = YES_ERROR;
				CLANG_WARN_DOCUMENTATION_COMMENTS = YES;
				CLANG_WARN_EMPTY_BODY = YES;
				CLANG_WARN_ENUM_CONVERSION = YES;
				CLANG_WARN_INFINITE_RECURSION = YES;
				CLANG_WARN_INT_CONVERSION = YES;
				CLANG_WARN_NON_LITERAL_NULL_CONVERSION = YES;
				CLANG_WARN_OBJC_IMPLICIT_RETAIN_SELF = YES;
				CLANG_WARN_OBJC_LITERAL_CONVERSION = YES;
				CLANG_WARN_OBJC_ROOT_CLASS = YES_ERROR;
				CLANG_WARN_QUOTED_INCLUDE_IN_FRAMEWORK_HEADER = YES;
				CLANG_WARN_RANGE_LOOP_ANALYSIS = YES;
				CLANG_WARN_STRICT_PROTOTYPES = YES;
				CLANG_WARN_SUSPICIOUS_MOVE = YES;
				CLANG_WARN_UNGUARDED_AVAILABILITY = YES_AGGRESSIVE;
				CLANG_WARN_UNREACHABLE_CODE = YES;
				CLANG_WARN__DUPLICATE_METHOD_MATCH = YES;
				COPY_PHASE_STRIP = NO;
				DEBUG_INFORMATION_FORMAT = dwarf;
				ENABLE_STRICT_OBJC_MSGSEND = YES;
				ENABLE_TESTABILITY = YES;
				GCC_C_LANGUAGE_STANDARD = gnu11;
				GCC_DYNAMIC_NO_PIC = NO;
				GCC_NO_COMMON_BLOCKS = YES;
				GCC_OPTIMIZATION_LEVEL = 0;
				GCC_PREPROCESSOR_DEFINITIONS = (
					"DEBUG=1",
					"$(inherited)",
				);
				GCC_WARN_64_TO_32_BIT_CONVERSION = YES;
				GCC_WARN_ABOUT_RETURN_TYPE = YES_ERROR;
				GCC_WARN_UNDECLARED_SELECTOR = YES;
				GCC_WARN_UNINITIALIZED_AUTOS = YES_AGGRESSIVE;
				GCC_WARN_UNUSED_FUNCTION = YES;
				GCC_WARN_UNUSED_VARIABLE = YES;
				IPHONEOS_DEPLOYMENT_TARGET = 14.4;
				MTL_ENABLE_DEBUG_INFO = INCLUDE_SOURCE;
				MTL_FAST_MATH = YES;
				ONLY_ACTIVE_ARCH = YES;
				SDKROOT = iphoneos;
				SWIFT_ACTIVE_COMPILATION_CONDITIONS = DEBUG;
				SWIFT_OPTIMIZATION_LEVEL = "-Onone";
			};
			name = Debug;
		};
		C382969725E7BFB900520A3A /* Release */ = {
			isa = XCBuildConfiguration;
			buildSettings = {
				ALWAYS_SEARCH_USER_PATHS = NO;
				CLANG_ANALYZER_NONNULL = YES;
				CLANG_ANALYZER_NUMBER_OBJECT_CONVERSION = YES_AGGRESSIVE;
				CLANG_CXX_LANGUAGE_STANDARD = "gnu++14";
				CLANG_CXX_LIBRARY = "libc++";
				CLANG_ENABLE_MODULES = YES;
				CLANG_ENABLE_OBJC_ARC = YES;
				CLANG_ENABLE_OBJC_WEAK = YES;
				CLANG_WARN_BLOCK_CAPTURE_AUTORELEASING = YES;
				CLANG_WARN_BOOL_CONVERSION = YES;
				CLANG_WARN_COMMA = YES;
				CLANG_WARN_CONSTANT_CONVERSION = YES;
				CLANG_WARN_DEPRECATED_OBJC_IMPLEMENTATIONS = YES;
				CLANG_WARN_DIRECT_OBJC_ISA_USAGE = YES_ERROR;
				CLANG_WARN_DOCUMENTATION_COMMENTS = YES;
				CLANG_WARN_EMPTY_BODY = YES;
				CLANG_WARN_ENUM_CONVERSION = YES;
				CLANG_WARN_INFINITE_RECURSION = YES;
				CLANG_WARN_INT_CONVERSION = YES;
				CLANG_WARN_NON_LITERAL_NULL_CONVERSION = YES;
				CLANG_WARN_OBJC_IMPLICIT_RETAIN_SELF = YES;
				CLANG_WARN_OBJC_LITERAL_CONVERSION = YES;
				CLANG_WARN_OBJC_ROOT_CLASS = YES_ERROR;
				CLANG_WARN_QUOTED_INCLUDE_IN_FRAMEWORK_HEADER = YES;
				CLANG_WARN_RANGE_LOOP_ANALYSIS = YES;
				CLANG_WARN_STRICT_PROTOTYPES = YES;
				CLANG_WARN_SUSPICIOUS_MOVE = YES;
				CLANG_WARN_UNGUARDED_AVAILABILITY = YES_AGGRESSIVE;
				CLANG_WARN_UNREACHABLE_CODE = YES;
				CLANG_WARN__DUPLICATE_METHOD_MATCH = YES;
				COPY_PHASE_STRIP = NO;
				DEBUG_INFORMATION_FORMAT = "dwarf-with-dsym";
				ENABLE_NS_ASSERTIONS = NO;
				ENABLE_STRICT_OBJC_MSGSEND = YES;
				GCC_C_LANGUAGE_STANDARD = gnu11;
				GCC_NO_COMMON_BLOCKS = YES;
				GCC_WARN_64_TO_32_BIT_CONVERSION = YES;
				GCC_WARN_ABOUT_RETURN_TYPE = YES_ERROR;
				GCC_WARN_UNDECLARED_SELECTOR = YES;
				GCC_WARN_UNINITIALIZED_AUTOS = YES_AGGRESSIVE;
				GCC_WARN_UNUSED_FUNCTION = YES;
				GCC_WARN_UNUSED_VARIABLE = YES;
				IPHONEOS_DEPLOYMENT_TARGET = 14.4;
				MTL_ENABLE_DEBUG_INFO = NO;
				MTL_FAST_MATH = YES;
				SDKROOT = iphoneos;
				SWIFT_COMPILATION_MODE = wholemodule;
				SWIFT_OPTIMIZATION_LEVEL = "-O";
				VALIDATE_PRODUCT = YES;
			};
			name = Release;
		};
		C382969925E7BFB900520A3A /* Debug */ = {
			isa = XCBuildConfiguration;
			baseConfigurationReference = 7B60E7F08ED0F96A8D871368 /* Pods-GymTren.debug.xcconfig */;
			buildSettings = {
				ASSETCATALOG_COMPILER_APPICON_NAME = AppIcon;
				ASSETCATALOG_COMPILER_GLOBAL_ACCENT_COLOR_NAME = AccentColor;
				CODE_SIGN_STYLE = Automatic;
				DEVELOPMENT_ASSET_PATHS = "\"GymTren/Preview Content\"";
				ENABLE_PREVIEWS = YES;
				INFOPLIST_FILE = GymTren/Info.plist;
				LD_RUNPATH_SEARCH_PATHS = (
					"$(inherited)",
					"@executable_path/Frameworks",
				);
				PRODUCT_BUNDLE_IDENTIFIER = kp11.GymTren;
				PRODUCT_NAME = "$(TARGET_NAME)";
				SWIFT_VERSION = 5.0;
				TARGETED_DEVICE_FAMILY = "1,2";
			};
			name = Debug;
		};
		C382969A25E7BFB900520A3A /* Release */ = {
			isa = XCBuildConfiguration;
			baseConfigurationReference = C424A1E3E80B7B8373684EA0 /* Pods-GymTren.release.xcconfig */;
			buildSettings = {
				ASSETCATALOG_COMPILER_APPICON_NAME = AppIcon;
				ASSETCATALOG_COMPILER_GLOBAL_ACCENT_COLOR_NAME = AccentColor;
				CODE_SIGN_STYLE = Automatic;
				DEVELOPMENT_ASSET_PATHS = "\"GymTren/Preview Content\"";
				ENABLE_PREVIEWS = YES;
				INFOPLIST_FILE = GymTren/Info.plist;
				LD_RUNPATH_SEARCH_PATHS = (
					"$(inherited)",
					"@executable_path/Frameworks",
				);
				PRODUCT_BUNDLE_IDENTIFIER = kp11.GymTren;
				PRODUCT_NAME = "$(TARGET_NAME)";
				SWIFT_VERSION = 5.0;
				TARGETED_DEVICE_FAMILY = "1,2";
			};
			name = Release;
		};
		C382969C25E7BFB900520A3A /* Debug */ = {
			isa = XCBuildConfiguration;
			baseConfigurationReference = F16EB6B52738A470098FFC5B /* Pods-GymTrenTests.debug.xcconfig */;
			buildSettings = {
				ALWAYS_EMBED_SWIFT_STANDARD_LIBRARIES = YES;
				BUNDLE_LOADER = "$(TEST_HOST)";
				CODE_SIGN_STYLE = Automatic;
				INFOPLIST_FILE = GymTrenTests/Info.plist;
				IPHONEOS_DEPLOYMENT_TARGET = 14.4;
				LD_RUNPATH_SEARCH_PATHS = (
					"$(inherited)",
					"@executable_path/Frameworks",
					"@loader_path/Frameworks",
				);
				PRODUCT_BUNDLE_IDENTIFIER = kp11.GymTrenTests;
				PRODUCT_NAME = "$(TARGET_NAME)";
				SWIFT_VERSION = 5.0;
				TARGETED_DEVICE_FAMILY = "1,2";
				TEST_HOST = "$(BUILT_PRODUCTS_DIR)/GymTren.app/GymTren";
			};
			name = Debug;
		};
		C382969D25E7BFB900520A3A /* Release */ = {
			isa = XCBuildConfiguration;
			baseConfigurationReference = 5C6D7FBAAF26D8E5855819C0 /* Pods-GymTrenTests.release.xcconfig */;
			buildSettings = {
				ALWAYS_EMBED_SWIFT_STANDARD_LIBRARIES = YES;
				BUNDLE_LOADER = "$(TEST_HOST)";
				CODE_SIGN_STYLE = Automatic;
				INFOPLIST_FILE = GymTrenTests/Info.plist;
				IPHONEOS_DEPLOYMENT_TARGET = 14.4;
				LD_RUNPATH_SEARCH_PATHS = (
					"$(inherited)",
					"@executable_path/Frameworks",
					"@loader_path/Frameworks",
				);
				PRODUCT_BUNDLE_IDENTIFIER = kp11.GymTrenTests;
				PRODUCT_NAME = "$(TARGET_NAME)";
				SWIFT_VERSION = 5.0;
				TARGETED_DEVICE_FAMILY = "1,2";
				TEST_HOST = "$(BUILT_PRODUCTS_DIR)/GymTren.app/GymTren";
			};
			name = Release;
		};
		C382969F25E7BFB900520A3A /* Debug */ = {
			isa = XCBuildConfiguration;
			baseConfigurationReference = 775AF2BC4C3DA48906F0D8E2 /* Pods-GymTren-GymTrenUITests.debug.xcconfig */;
			buildSettings = {
				ALWAYS_EMBED_SWIFT_STANDARD_LIBRARIES = YES;
				CODE_SIGN_STYLE = Automatic;
				INFOPLIST_FILE = GymTrenUITests/Info.plist;
				LD_RUNPATH_SEARCH_PATHS = (
					"$(inherited)",
					"@executable_path/Frameworks",
					"@loader_path/Frameworks",
				);
				PRODUCT_BUNDLE_IDENTIFIER = kp11.GymTrenUITests;
				PRODUCT_NAME = "$(TARGET_NAME)";
				SWIFT_VERSION = 5.0;
				TARGETED_DEVICE_FAMILY = "1,2";
				TEST_TARGET_NAME = GymTren;
			};
			name = Debug;
		};
		C38296A025E7BFB900520A3A /* Release */ = {
			isa = XCBuildConfiguration;
			baseConfigurationReference = 2BB3856E754343FD210B6ADE /* Pods-GymTren-GymTrenUITests.release.xcconfig */;
			buildSettings = {
				ALWAYS_EMBED_SWIFT_STANDARD_LIBRARIES = YES;
				CODE_SIGN_STYLE = Automatic;
				INFOPLIST_FILE = GymTrenUITests/Info.plist;
				LD_RUNPATH_SEARCH_PATHS = (
					"$(inherited)",
					"@executable_path/Frameworks",
					"@loader_path/Frameworks",
				);
				PRODUCT_BUNDLE_IDENTIFIER = kp11.GymTrenUITests;
				PRODUCT_NAME = "$(TARGET_NAME)";
				SWIFT_VERSION = 5.0;
				TARGETED_DEVICE_FAMILY = "1,2";
				TEST_TARGET_NAME = GymTren;
			};
			name = Release;
		};
/* End XCBuildConfiguration section */

/* Begin XCConfigurationList section */
		C382966925E7BFB500520A3A /* Build configuration list for PBXProject "GymTren" */ = {
			isa = XCConfigurationList;
			buildConfigurations = (
				C382969625E7BFB900520A3A /* Debug */,
				C382969725E7BFB900520A3A /* Release */,
			);
			defaultConfigurationIsVisible = 0;
			defaultConfigurationName = Release;
		};
		C382969825E7BFB900520A3A /* Build configuration list for PBXNativeTarget "GymTren" */ = {
			isa = XCConfigurationList;
			buildConfigurations = (
				C382969925E7BFB900520A3A /* Debug */,
				C382969A25E7BFB900520A3A /* Release */,
			);
			defaultConfigurationIsVisible = 0;
			defaultConfigurationName = Release;
		};
		C382969B25E7BFB900520A3A /* Build configuration list for PBXNativeTarget "GymTrenTests" */ = {
			isa = XCConfigurationList;
			buildConfigurations = (
				C382969C25E7BFB900520A3A /* Debug */,
				C382969D25E7BFB900520A3A /* Release */,
			);
			defaultConfigurationIsVisible = 0;
			defaultConfigurationName = Release;
		};
		C382969E25E7BFB900520A3A /* Build configuration list for PBXNativeTarget "GymTrenUITests" */ = {
			isa = XCConfigurationList;
			buildConfigurations = (
				C382969F25E7BFB900520A3A /* Debug */,
				C38296A025E7BFB900520A3A /* Release */,
			);
			defaultConfigurationIsVisible = 0;
			defaultConfigurationName = Release;
		};
/* End XCConfigurationList section */

/* Begin XCRemoteSwiftPackageReference section */
		C38296F625E7DD5200520A3A /* XCRemoteSwiftPackageReference "SwiftyJSON" */ = {
			isa = XCRemoteSwiftPackageReference;
			repositoryURL = "https://github.com/SwiftyJSON/SwiftyJSON";
			requirement = {
				kind = upToNextMajorVersion;
				minimumVersion = 5.0.0;
			};
		};
/* End XCRemoteSwiftPackageReference section */

/* Begin XCSwiftPackageProductDependency section */
		C38296F725E7DD5200520A3A /* SwiftyJSON */ = {
			isa = XCSwiftPackageProductDependency;
			package = C38296F625E7DD5200520A3A /* XCRemoteSwiftPackageReference "SwiftyJSON" */;
			productName = SwiftyJSON;
		};
/* End XCSwiftPackageProductDependency section */
	};
	rootObject = C382966625E7BFB500520A3A /* Project object */;
}
